// !$*UTF8*$!
{
	archiveVersion = 1;
	classes = {
	};
	objectVersion = 50;
	objects = {

/* Begin PBXBuildFile section */
		8AA9BA1624DE87C800DA3B36 /* AppDelegate.swift in Sources */ = {isa = PBXBuildFile; fileRef = 8AA9BA1524DE87C800DA3B36 /* AppDelegate.swift */; };
		8AA9BA1824DE87C800DA3B36 /* SceneDelegate.swift in Sources */ = {isa = PBXBuildFile; fileRef = 8AA9BA1724DE87C800DA3B36 /* SceneDelegate.swift */; };
		8AA9BA1A24DE87C800DA3B36 /* FirstViewController.swift in Sources */ = {isa = PBXBuildFile; fileRef = 8AA9BA1924DE87C800DA3B36 /* FirstViewController.swift */; };
		8AA9BA1C24DE87C800DA3B36 /* SecondViewController.swift in Sources */ = {isa = PBXBuildFile; fileRef = 8AA9BA1B24DE87C800DA3B36 /* SecondViewController.swift */; };
		8AA9BA1F24DE87C800DA3B36 /* Main.storyboard in Resources */ = {isa = PBXBuildFile; fileRef = 8AA9BA1D24DE87C800DA3B36 /* Main.storyboard */; };
		8AA9BA2124DE87E300DA3B36 /* Assets.xcassets in Resources */ = {isa = PBXBuildFile; fileRef = 8AA9BA2024DE87E300DA3B36 /* Assets.xcassets */; };
		8AA9BA2424DE87E300DA3B36 /* LaunchScreen.storyboard in Resources */ = {isa = PBXBuildFile; fileRef = 8AA9BA2224DE87E300DA3B36 /* LaunchScreen.storyboard */; };
		8AA9BA2F24DE87E300DA3B36 /* supplyTests.swift in Sources */ = {isa = PBXBuildFile; fileRef = 8AA9BA2E24DE87E300DA3B36 /* supplyTests.swift */; };
		8AA9BA3A24DE87E300DA3B36 /* supplyUITests.swift in Sources */ = {isa = PBXBuildFile; fileRef = 8AA9BA3924DE87E300DA3B36 /* supplyUITests.swift */; };
/* End PBXBuildFile section */

/* Begin PBXContainerItemProxy section */
		8AA9BA2B24DE87E300DA3B36 /* PBXContainerItemProxy */ = {
			isa = PBXContainerItemProxy;
			containerPortal = 8AA9BA0A24DE87C700DA3B36 /* Project object */;
			proxyType = 1;
			remoteGlobalIDString = 8AA9BA1124DE87C800DA3B36;
			remoteInfo = supply;
		};
		8AA9BA3624DE87E300DA3B36 /* PBXContainerItemProxy */ = {
			isa = PBXContainerItemProxy;
			containerPortal = 8AA9BA0A24DE87C700DA3B36 /* Project object */;
			proxyType = 1;
			remoteGlobalIDString = 8AA9BA1124DE87C800DA3B36;
			remoteInfo = supply;
		};
/* End PBXContainerItemProxy section */

/* Begin PBXFileReference section */
		8AA9BA1224DE87C800DA3B36 /* supply.app */ = {isa = PBXFileReference; explicitFileType = wrapper.application; includeInIndex = 0; path = supply.app; sourceTree = BUILT_PRODUCTS_DIR; };
		8AA9BA1524DE87C800DA3B36 /* AppDelegate.swift */ = {isa = PBXFileReference; lastKnownFileType = sourcecode.swift; path = AppDelegate.swift; sourceTree = "<group>"; };
		8AA9BA1724DE87C800DA3B36 /* SceneDelegate.swift */ = {isa = PBXFileReference; lastKnownFileType = sourcecode.swift; path = SceneDelegate.swift; sourceTree = "<group>"; };
		8AA9BA1924DE87C800DA3B36 /* FirstViewController.swift */ = {isa = PBXFileReference; lastKnownFileType = sourcecode.swift; path = FirstViewController.swift; sourceTree = "<group>"; };
		8AA9BA1B24DE87C800DA3B36 /* SecondViewController.swift */ = {isa = PBXFileReference; lastKnownFileType = sourcecode.swift; path = SecondViewController.swift; sourceTree = "<group>"; };
		8AA9BA1E24DE87C800DA3B36 /* Base */ = {isa = PBXFileReference; lastKnownFileType = file.storyboard; name = Base; path = Base.lproj/Main.storyboard; sourceTree = "<group>"; };
		8AA9BA2024DE87E300DA3B36 /* Assets.xcassets */ = {isa = PBXFileReference; lastKnownFileType = folder.assetcatalog; path = Assets.xcassets; sourceTree = "<group>"; };
		8AA9BA2324DE87E300DA3B36 /* Base */ = {isa = PBXFileReference; lastKnownFileType = file.storyboard; name = Base; path = Base.lproj/LaunchScreen.storyboard; sourceTree = "<group>"; };
		8AA9BA2524DE87E300DA3B36 /* Info.plist */ = {isa = PBXFileReference; lastKnownFileType = text.plist.xml; path = Info.plist; sourceTree = "<group>"; };
		8AA9BA2A24DE87E300DA3B36 /* supplyTests.xctest */ = {isa = PBXFileReference; explicitFileType = wrapper.cfbundle; includeInIndex = 0; path = supplyTests.xctest; sourceTree = BUILT_PRODUCTS_DIR; };
		8AA9BA2E24DE87E300DA3B36 /* supplyTests.swift */ = {isa = PBXFileReference; lastKnownFileType = sourcecode.swift; path = supplyTests.swift; sourceTree = "<group>"; };
		8AA9BA3024DE87E300DA3B36 /* Info.plist */ = {isa = PBXFileReference; lastKnownFileType = text.plist.xml; path = Info.plist; sourceTree = "<group>"; };
		8AA9BA3524DE87E300DA3B36 /* supplyUITests.xctest */ = {isa = PBXFileReference; explicitFileType = wrapper.cfbundle; includeInIndex = 0; path = supplyUITests.xctest; sourceTree = BUILT_PRODUCTS_DIR; };
		8AA9BA3924DE87E300DA3B36 /* supplyUITests.swift */ = {isa = PBXFileReference; lastKnownFileType = sourcecode.swift; path = supplyUITests.swift; sourceTree = "<group>"; };
		8AA9BA3B24DE87E300DA3B36 /* Info.plist */ = {isa = PBXFileReference; lastKnownFileType = text.plist.xml; path = Info.plist; sourceTree = "<group>"; };
/* End PBXFileReference section */

/* Begin PBXFrameworksBuildPhase section */
		8AA9BA0F24DE87C800DA3B36 /* Frameworks */ = {
			isa = PBXFrameworksBuildPhase;
			buildActionMask = 2147483647;
			files = (
			);
			runOnlyForDeploymentPostprocessing = 0;
		};
		8AA9BA2724DE87E300DA3B36 /* Frameworks */ = {
			isa = PBXFrameworksBuildPhase;
			buildActionMask = 2147483647;
			files = (
			);
			runOnlyForDeploymentPostprocessing = 0;
		};
		8AA9BA3224DE87E300DA3B36 /* Frameworks */ = {
			isa = PBXFrameworksBuildPhase;
			buildActionMask = 2147483647;
			files = (
			);
			runOnlyForDeploymentPostprocessing = 0;
		};
/* End PBXFrameworksBuildPhase section */

/* Begin PBXGroup section */
		8AA9BA0924DE87C700DA3B36 = {
			isa = PBXGroup;
			children = (
				8AA9BA1424DE87C800DA3B36 /* supply */,
				8AA9BA2D24DE87E300DA3B36 /* supplyTests */,
				8AA9BA3824DE87E300DA3B36 /* supplyUITests */,
				8AA9BA1324DE87C800DA3B36 /* Products */,
			);
			sourceTree = "<group>";
		};
		8AA9BA1324DE87C800DA3B36 /* Products */ = {
			isa = PBXGroup;
			children = (
				8AA9BA1224DE87C800DA3B36 /* supply.app */,
				8AA9BA2A24DE87E300DA3B36 /* supplyTests.xctest */,
				8AA9BA3524DE87E300DA3B36 /* supplyUITests.xctest */,
			);
			name = Products;
			sourceTree = "<group>";
		};
		8AA9BA1424DE87C800DA3B36 /* supply */ = {
			isa = PBXGroup;
			children = (
				8AA9BA1524DE87C800DA3B36 /* AppDelegate.swift */,
				8AA9BA1724DE87C800DA3B36 /* SceneDelegate.swift */,
				8AA9BA1924DE87C800DA3B36 /* FirstViewController.swift */,
				8AA9BA1B24DE87C800DA3B36 /* SecondViewController.swift */,
				8AA9BA1D24DE87C800DA3B36 /* Main.storyboard */,
				8AA9BA2024DE87E300DA3B36 /* Assets.xcassets */,
				8AA9BA2224DE87E300DA3B36 /* LaunchScreen.storyboard */,
				8AA9BA2524DE87E300DA3B36 /* Info.plist */,
			);
			path = supply;
			sourceTree = "<group>";
		};
		8AA9BA2D24DE87E300DA3B36 /* supplyTests */ = {
			isa = PBXGroup;
			children = (
				8AA9BA2E24DE87E300DA3B36 /* supplyTests.swift */,
				8AA9BA3024DE87E300DA3B36 /* Info.plist */,
			);
			path = supplyTests;
			sourceTree = "<group>";
		};
		8AA9BA3824DE87E300DA3B36 /* supplyUITests */ = {
			isa = PBXGroup;
			children = (
				8AA9BA3924DE87E300DA3B36 /* supplyUITests.swift */,
				8AA9BA3B24DE87E300DA3B36 /* Info.plist */,
			);
			path = supplyUITests;
			sourceTree = "<group>";
		};
/* End PBXGroup section */

/* Begin PBXNativeTarget section */
		8AA9BA1124DE87C800DA3B36 /* supply */ = {
			isa = PBXNativeTarget;
			buildConfigurationList = 8AA9BA3E24DE87E300DA3B36 /* Build configuration list for PBXNativeTarget "supply" */;
			buildPhases = (
				8AA9BA0E24DE87C800DA3B36 /* Sources */,
				8AA9BA0F24DE87C800DA3B36 /* Frameworks */,
				8AA9BA1024DE87C800DA3B36 /* Resources */,
			);
			buildRules = (
			);
			dependencies = (
			);
			name = supply;
			productName = supply;
			productReference = 8AA9BA1224DE87C800DA3B36 /* supply.app */;
			productType = "com.apple.product-type.application";
		};
		8AA9BA2924DE87E300DA3B36 /* supplyTests */ = {
			isa = PBXNativeTarget;
			buildConfigurationList = 8AA9BA4124DE87E300DA3B36 /* Build configuration list for PBXNativeTarget "supplyTests" */;
			buildPhases = (
				8AA9BA2624DE87E300DA3B36 /* Sources */,
				8AA9BA2724DE87E300DA3B36 /* Frameworks */,
				8AA9BA2824DE87E300DA3B36 /* Resources */,
			);
			buildRules = (
			);
			dependencies = (
				8AA9BA2C24DE87E300DA3B36 /* PBXTargetDependency */,
			);
			name = supplyTests;
			productName = supplyTests;
			productReference = 8AA9BA2A24DE87E300DA3B36 /* supplyTests.xctest */;
			productType = "com.apple.product-type.bundle.unit-test";
		};
		8AA9BA3424DE87E300DA3B36 /* supplyUITests */ = {
			isa = PBXNativeTarget;
			buildConfigurationList = 8AA9BA4424DE87E300DA3B36 /* Build configuration list for PBXNativeTarget "supplyUITests" */;
			buildPhases = (
				8AA9BA3124DE87E300DA3B36 /* Sources */,
				8AA9BA3224DE87E300DA3B36 /* Frameworks */,
				8AA9BA3324DE87E300DA3B36 /* Resources */,
			);
			buildRules = (
			);
			dependencies = (
				8AA9BA3724DE87E300DA3B36 /* PBXTargetDependency */,
			);
			name = supplyUITests;
			productName = supplyUITests;
			productReference = 8AA9BA3524DE87E300DA3B36 /* supplyUITests.xctest */;
			productType = "com.apple.product-type.bundle.ui-testing";
		};
/* End PBXNativeTarget section */

/* Begin PBXProject section */
		8AA9BA0A24DE87C700DA3B36 /* Project object */ = {
			isa = PBXProject;
			attributes = {
				LastSwiftUpdateCheck = 1130;
				LastUpgradeCheck = 1130;
				ORGANIZATIONNAME = "Michael Zhu";
				TargetAttributes = {
					8AA9BA1124DE87C800DA3B36 = {
						CreatedOnToolsVersion = 11.3.1;
					};
					8AA9BA2924DE87E300DA3B36 = {
						CreatedOnToolsVersion = 11.3.1;
						TestTargetID = 8AA9BA1124DE87C800DA3B36;
					};
					8AA9BA3424DE87E300DA3B36 = {
						CreatedOnToolsVersion = 11.3.1;
						TestTargetID = 8AA9BA1124DE87C800DA3B36;
					};
				};
			};
			buildConfigurationList = 8AA9BA0D24DE87C700DA3B36 /* Build configuration list for PBXProject "supply" */;
			compatibilityVersion = "Xcode 9.3";
			developmentRegion = en;
			hasScannedForEncodings = 0;
			knownRegions = (
				en,
				Base,
			);
			mainGroup = 8AA9BA0924DE87C700DA3B36;
			productRefGroup = 8AA9BA1324DE87C800DA3B36 /* Products */;
			projectDirPath = "";
			projectRoot = "";
			targets = (
				8AA9BA1124DE87C800DA3B36 /* supply */,
				8AA9BA2924DE87E300DA3B36 /* supplyTests */,
				8AA9BA3424DE87E300DA3B36 /* supplyUITests */,
			);
		};
/* End PBXProject section */

/* Begin PBXResourcesBuildPhase section */
		8AA9BA1024DE87C800DA3B36 /* Resources */ = {
			isa = PBXResourcesBuildPhase;
			buildActionMask = 2147483647;
			files = (
				8AA9BA2424DE87E300DA3B36 /* LaunchScreen.storyboard in Resources */,
				8AA9BA2124DE87E300DA3B36 /* Assets.xcassets in Resources */,
				8AA9BA1F24DE87C800DA3B36 /* Main.storyboard in Resources */,
			);
			runOnlyForDeploymentPostprocessing = 0;
		};
		8AA9BA2824DE87E300DA3B36 /* Resources */ = {
			isa = PBXResourcesBuildPhase;
			buildActionMask = 2147483647;
			files = (
			);
			runOnlyForDeploymentPostprocessing = 0;
		};
		8AA9BA3324DE87E300DA3B36 /* Resources */ = {
			isa = PBXResourcesBuildPhase;
			buildActionMask = 2147483647;
			files = (
			);
			runOnlyForDeploymentPostprocessing = 0;
		};
/* End PBXResourcesBuildPhase section */

/* Begin PBXSourcesBuildPhase section */
		8AA9BA0E24DE87C800DA3B36 /* Sources */ = {
			isa = PBXSourcesBuildPhase;
			buildActionMask = 2147483647;
			files = (
				8AA9BA1C24DE87C800DA3B36 /* SecondViewController.swift in Sources */,
				8AA9BA1A24DE87C800DA3B36 /* FirstViewController.swift in Sources */,
				8AA9BA1624DE87C800DA3B36 /* AppDelegate.swift in Sources */,
				8AA9BA1824DE87C800DA3B36 /* SceneDelegate.swift in Sources */,
			);
			runOnlyForDeploymentPostprocessing = 0;
		};
		8AA9BA2624DE87E300DA3B36 /* Sources */ = {
			isa = PBXSourcesBuildPhase;
			buildActionMask = 2147483647;
			files = (
				8AA9BA2F24DE87E300DA3B36 /* supplyTests.swift in Sources */,
			);
			runOnlyForDeploymentPostprocessing = 0;
		};
		8AA9BA3124DE87E300DA3B36 /* Sources */ = {
			isa = PBXSourcesBuildPhase;
			buildActionMask = 2147483647;
			files = (
				8AA9BA3A24DE87E300DA3B36 /* supplyUITests.swift in Sources */,
			);
			runOnlyForDeploymentPostprocessing = 0;
		};
/* End PBXSourcesBuildPhase section */

/* Begin PBXTargetDependency section */
		8AA9BA2C24DE87E300DA3B36 /* PBXTargetDependency */ = {
			isa = PBXTargetDependency;
			target = 8AA9BA1124DE87C800DA3B36 /* supply */;
			targetProxy = 8AA9BA2B24DE87E300DA3B36 /* PBXContainerItemProxy */;
		};
		8AA9BA3724DE87E300DA3B36 /* PBXTargetDependency */ = {
			isa = PBXTargetDependency;
			target = 8AA9BA1124DE87C800DA3B36 /* supply */;
			targetProxy = 8AA9BA3624DE87E300DA3B36 /* PBXContainerItemProxy */;
		};
/* End PBXTargetDependency section */

/* Begin PBXVariantGroup section */
		8AA9BA1D24DE87C800DA3B36 /* Main.storyboard */ = {
			isa = PBXVariantGroup;
			children = (
				8AA9BA1E24DE87C800DA3B36 /* Base */,
			);
			name = Main.storyboard;
			sourceTree = "<group>";
		};
		8AA9BA2224DE87E300DA3B36 /* LaunchScreen.storyboard */ = {
			isa = PBXVariantGroup;
			children = (
				8AA9BA2324DE87E300DA3B36 /* Base */,
			);
			name = LaunchScreen.storyboard;
			sourceTree = "<group>";
		};
/* End PBXVariantGroup section */

/* Begin XCBuildConfiguration section */
		8AA9BA3C24DE87E300DA3B36 /* Debug */ = {
			isa = XCBuildConfiguration;
			buildSettings = {
				ALWAYS_SEARCH_USER_PATHS = NO;
				CLANG_ANALYZER_NONNULL = YES;
				CLANG_ANALYZER_NUMBER_OBJECT_CONVERSION = YES_AGGRESSIVE;
				CLANG_CXX_LANGUAGE_STANDARD = "gnu++14";
				CLANG_CXX_LIBRARY = "libc++";
				CLANG_ENABLE_MODULES = YES;
				CLANG_ENABLE_OBJC_ARC = YES;
				CLANG_ENABLE_OBJC_WEAK = YES;
				CLANG_WARN_BLOCK_CAPTURE_AUTORELEASING = YES;
				CLANG_WARN_BOOL_CONVERSION = YES;
				CLANG_WARN_COMMA = YES;
				CLANG_WARN_CONSTANT_CONVERSION = YES;
				CLANG_WARN_DEPRECATED_OBJC_IMPLEMENTATIONS = YES;
				CLANG_WARN_DIRECT_OBJC_ISA_USAGE = YES_ERROR;
				CLANG_WARN_DOCUMENTATION_COMMENTS = YES;
				CLANG_WARN_EMPTY_BODY = YES;
				CLANG_WARN_ENUM_CONVERSION = YES;
				CLANG_WARN_INFINITE_RECURSION = YES;
				CLANG_WARN_INT_CONVERSION = YES;
				CLANG_WARN_NON_LITERAL_NULL_CONVERSION = YES;
				CLANG_WARN_OBJC_IMPLICIT_RETAIN_SELF = YES;
				CLANG_WARN_OBJC_LITERAL_CONVERSION = YES;
				CLANG_WARN_OBJC_ROOT_CLASS = YES_ERROR;
				CLANG_WARN_RANGE_LOOP_ANALYSIS = YES;
				CLANG_WARN_STRICT_PROTOTYPES = YES;
				CLANG_WARN_SUSPICIOUS_MOVE = YES;
				CLANG_WARN_UNGUARDED_AVAILABILITY = YES_AGGRESSIVE;
				CLANG_WARN_UNREACHABLE_CODE = YES;
				CLANG_WARN__DUPLICATE_METHOD_MATCH = YES;
				COPY_PHASE_STRIP = NO;
				DEBUG_INFORMATION_FORMAT = dwarf;
				ENABLE_STRICT_OBJC_MSGSEND = YES;
				ENABLE_TESTABILITY = YES;
				GCC_C_LANGUAGE_STANDARD = gnu11;
				GCC_DYNAMIC_NO_PIC = NO;
				GCC_NO_COMMON_BLOCKS = YES;
				GCC_OPTIMIZATION_LEVEL = 0;
				GCC_PREPROCESSOR_DEFINITIONS = (
					"DEBUG=1",
					"$(inherited)",
				);
				GCC_WARN_64_TO_32_BIT_CONVERSION = YES;
				GCC_WARN_ABOUT_RETURN_TYPE = YES_ERROR;
				GCC_WARN_UNDECLARED_SELECTOR = YES;
				GCC_WARN_UNINITIALIZED_AUTOS = YES_AGGRESSIVE;
				GCC_WARN_UNUSED_FUNCTION = YES;
				GCC_WARN_UNUSED_VARIABLE = YES;
				IPHONEOS_DEPLOYMENT_TARGET = 13.2;
				MTL_ENABLE_DEBUG_INFO = INCLUDE_SOURCE;
				MTL_FAST_MATH = YES;
				ONLY_ACTIVE_ARCH = YES;
				SDKROOT = iphoneos;
				SWIFT_ACTIVE_COMPILATION_CONDITIONS = DEBUG;
				SWIFT_OPTIMIZATION_LEVEL = "-Onone";
			};
			name = Debug;
		};
		8AA9BA3D24DE87E300DA3B36 /* Release */ = {
			isa = XCBuildConfiguration;
			buildSettings = {
				ALWAYS_SEARCH_USER_PATHS = NO;
				CLANG_ANALYZER_NONNULL = YES;
				CLANG_ANALYZER_NUMBER_OBJECT_CONVERSION = YES_AGGRESSIVE;
				CLANG_CXX_LANGUAGE_STANDARD = "gnu++14";
				CLANG_CXX_LIBRARY = "libc++";
				CLANG_ENABLE_MODULES = YES;
				CLANG_ENABLE_OBJC_ARC = YES;
				CLANG_ENABLE_OBJC_WEAK = YES;
				CLANG_WARN_BLOCK_CAPTURE_AUTORELEASING = YES;
				CLANG_WARN_BOOL_CONVERSION = YES;
				CLANG_WARN_COMMA = YES;
				CLANG_WARN_CONSTANT_CONVERSION = YES;
				CLANG_WARN_DEPRECATED_OBJC_IMPLEMENTATIONS = YES;
				CLANG_WARN_DIRECT_OBJC_ISA_USAGE = YES_ERROR;
				CLANG_WARN_DOCUMENTATION_COMMENTS = YES;
				CLANG_WARN_EMPTY_BODY = YES;
				CLANG_WARN_ENUM_CONVERSION = YES;
				CLANG_WARN_INFINITE_RECURSION = YES;
				CLANG_WARN_INT_CONVERSION = YES;
				CLANG_WARN_NON_LITERAL_NULL_CONVERSION = YES;
				CLANG_WARN_OBJC_IMPLICIT_RETAIN_SELF = YES;
				CLANG_WARN_OBJC_LITERAL_CONVERSION = YES;
				CLANG_WARN_OBJC_ROOT_CLASS = YES_ERROR;
				CLANG_WARN_RANGE_LOOP_ANALYSIS = YES;
				CLANG_WARN_STRICT_PROTOTYPES = YES;
				CLANG_WARN_SUSPICIOUS_MOVE = YES;
				CLANG_WARN_UNGUARDED_AVAILABILITY = YES_AGGRESSIVE;
				CLANG_WARN_UNREACHABLE_CODE = YES;
				CLANG_WARN__DUPLICATE_METHOD_MATCH = YES;
				COPY_PHASE_STRIP = NO;
				DEBUG_INFORMATION_FORMAT = "dwarf-with-dsym";
				ENABLE_NS_ASSERTIONS = NO;
				ENABLE_STRICT_OBJC_MSGSEND = YES;
				GCC_C_LANGUAGE_STANDARD = gnu11;
				GCC_NO_COMMON_BLOCKS = YES;
				GCC_WARN_64_TO_32_BIT_CONVERSION = YES;
				GCC_WARN_ABOUT_RETURN_TYPE = YES_ERROR;
				GCC_WARN_UNDECLARED_SELECTOR = YES;
				GCC_WARN_UNINITIALIZED_AUTOS = YES_AGGRESSIVE;
				GCC_WARN_UNUSED_FUNCTION = YES;
				GCC_WARN_UNUSED_VARIABLE = YES;
				IPHONEOS_DEPLOYMENT_TARGET = 13.2;
				MTL_ENABLE_DEBUG_INFO = NO;
				MTL_FAST_MATH = YES;
				SDKROOT = iphoneos;
				SWIFT_COMPILATION_MODE = wholemodule;
				SWIFT_OPTIMIZATION_LEVEL = "-O";
				VALIDATE_PRODUCT = YES;
			};
			name = Release;
		};
		8AA9BA3F24DE87E300DA3B36 /* Debug */ = {
			isa = XCBuildConfiguration;
			buildSettings = {
				ASSETCATALOG_COMPILER_APPICON_NAME = AppIcon;
				CODE_SIGN_STYLE = Automatic;
				INFOPLIST_FILE = supply/Info.plist;
				LD_RUNPATH_SEARCH_PATHS = (
					"$(inherited)",
					"@executable_path/Frameworks",
				);
				PRODUCT_BUNDLE_IDENTIFIER = jsyz.supply;
				PRODUCT_NAME = "$(TARGET_NAME)";
				SWIFT_VERSION = 5.0;
				TARGETED_DEVICE_FAMILY = "1,2";
			};
			name = Debug;
		};
		8AA9BA4024DE87E300DA3B36 /* Release */ = {
			isa = XCBuildConfiguration;
			buildSettings = {
				ASSETCATALOG_COMPILER_APPICON_NAME = AppIcon;
				CODE_SIGN_STYLE = Automatic;
				INFOPLIST_FILE = supply/Info.plist;
				LD_RUNPATH_SEARCH_PATHS = (
					"$(inherited)",
					"@executable_path/Frameworks",
				);
				PRODUCT_BUNDLE_IDENTIFIER = jsyz.supply;
				PRODUCT_NAME = "$(TARGET_NAME)";
				SWIFT_VERSION = 5.0;
				TARGETED_DEVICE_FAMILY = "1,2";
			};
			name = Release;
		};
		8AA9BA4224DE87E300DA3B36 /* Debug */ = {
			isa = XCBuildConfiguration;
			buildSettings = {
				ALWAYS_EMBED_SWIFT_STANDARD_LIBRARIES = YES;
				BUNDLE_LOADER = "$(TEST_HOST)";
				CODE_SIGN_STYLE = Automatic;
				INFOPLIST_FILE = supplyTests/Info.plist;
				IPHONEOS_DEPLOYMENT_TARGET = 13.2;
				LD_RUNPATH_SEARCH_PATHS = (
					"$(inherited)",
					"@executable_path/Frameworks",
					"@loader_path/Frameworks",
				);
				PRODUCT_BUNDLE_IDENTIFIER = jsyz.supplyTests;
				PRODUCT_NAME = "$(TARGET_NAME)";
				SWIFT_VERSION = 5.0;
				TARGETED_DEVICE_FAMILY = "1,2";
				TEST_HOST = "$(BUILT_PRODUCTS_DIR)/supply.app/supply";
			};
			name = Debug;
		};
		8AA9BA4324DE87E300DA3B36 /* Release */ = {
			isa = XCBuildConfiguration;
			buildSettings = {
				ALWAYS_EMBED_SWIFT_STANDARD_LIBRARIES = YES;
				BUNDLE_LOADER = "$(TEST_HOST)";
				CODE_SIGN_STYLE = Automatic;
				INFOPLIST_FILE = supplyTests/Info.plist;
				IPHONEOS_DEPLOYMENT_TARGET = 13.2;
				LD_RUNPATH_SEARCH_PATHS = (
					"$(inherited)",
					"@executable_path/Frameworks",
					"@loader_path/Frameworks",
				);
				PRODUCT_BUNDLE_IDENTIFIER = jsyz.supplyTests;
				PRODUCT_NAME = "$(TARGET_NAME)";
				SWIFT_VERSION = 5.0;
				TARGETED_DEVICE_FAMILY = "1,2";
				TEST_HOST = "$(BUILT_PRODUCTS_DIR)/supply.app/supply";
			};
			name = Release;
		};
		8AA9BA4524DE87E300DA3B36 /* Debug */ = {
			isa = XCBuildConfiguration;
			buildSettings = {
				ALWAYS_EMBED_SWIFT_STANDARD_LIBRARIES = YES;
				CODE_SIGN_STYLE = Automatic;
				INFOPLIST_FILE = supplyUITests/Info.plist;
				LD_RUNPATH_SEARCH_PATHS = (
					"$(inherited)",
					"@executable_path/Frameworks",
					"@loader_path/Frameworks",
				);
				PRODUCT_BUNDLE_IDENTIFIER = jsyz.supplyUITests;
				PRODUCT_NAME = "$(TARGET_NAME)";
				SWIFT_VERSION = 5.0;
				TARGETED_DEVICE_FAMILY = "1,2";
				TEST_TARGET_NAME = supply;
			};
			name = Debug;
		};
		8AA9BA4624DE87E300DA3B36 /* Release */ = {
			isa = XCBuildConfiguration;
			buildSettings = {
				ALWAYS_EMBED_SWIFT_STANDARD_LIBRARIES = YES;
				CODE_SIGN_STYLE = Automatic;
				INFOPLIST_FILE = supplyUITests/Info.plist;
				LD_RUNPATH_SEARCH_PATHS = (
					"$(inherited)",
					"@executable_path/Frameworks",
					"@loader_path/Frameworks",
				);
				PRODUCT_BUNDLE_IDENTIFIER = jsyz.supplyUITests;
				PRODUCT_NAME = "$(TARGET_NAME)";
				SWIFT_VERSION = 5.0;
				TARGETED_DEVICE_FAMILY = "1,2";
				TEST_TARGET_NAME = supply;
			};
			name = Release;
		};
/* End XCBuildConfiguration section */

/* Begin XCConfigurationList section */
		8AA9BA0D24DE87C700DA3B36 /* Build configuration list for PBXProject "supply" */ = {
			isa = XCConfigurationList;
			buildConfigurations = (
				8AA9BA3C24DE87E300DA3B36 /* Debug */,
				8AA9BA3D24DE87E300DA3B36 /* Release */,
			);
			defaultConfigurationIsVisible = 0;
			defaultConfigurationName = Release;
		};
		8AA9BA3E24DE87E300DA3B36 /* Build configuration list for PBXNativeTarget "supply" */ = {
			isa = XCConfigurationList;
			buildConfigurations = (
				8AA9BA3F24DE87E300DA3B36 /* Debug */,
				8AA9BA4024DE87E300DA3B36 /* Release */,
			);
			defaultConfigurationIsVisible = 0;
			defaultConfigurationName = Release;
		};
		8AA9BA4124DE87E300DA3B36 /* Build configuration list for PBXNativeTarget "supplyTests" */ = {
			isa = XCConfigurationList;
			buildConfigurations = (
				8AA9BA4224DE87E300DA3B36 /* Debug */,
				8AA9BA4324DE87E300DA3B36 /* Release */,
			);
			defaultConfigurationIsVisible = 0;
			defaultConfigurationName = Release;
		};
		8AA9BA4424DE87E300DA3B36 /* Build configuration list for PBXNativeTarget "supplyUITests" */ = {
			isa = XCConfigurationList;
			buildConfigurations = (
				8AA9BA4524DE87E300DA3B36 /* Debug */,
				8AA9BA4624DE87E300DA3B36 /* Release */,
			);
			defaultConfigurationIsVisible = 0;
			defaultConfigurationName = Release;
		};
/* End XCConfigurationList section */
	};
	rootObject = 8AA9BA0A24DE87C700DA3B36 /* Project object */;
}
